// !$*UTF8*$!
{
	archiveVersion = 1;
	classes = {
	};
	objectVersion = 50;
	objects = {

/* Begin PBXBuildFile section */
		6A2D0E7572C91E836D19ADBB /* Pods_livechat.framework in Frameworks */ = {isa = PBXBuildFile; fileRef = CB3CF4A943FA7758E4F97350 /* Pods_livechat.framework */; };
		A34B4954217C162400FEDF09 /* HandleLogin.swift in Sources */ = {isa = PBXBuildFile; fileRef = A34B4953217C162400FEDF09 /* HandleLogin.swift */; };
		A34B4956217C2D3200FEDF09 /* spartan@2x.png in Resources */ = {isa = PBXBuildFile; fileRef = A34B4955217C2D3200FEDF09 /* spartan@2x.png */; };
		A34B4958217C7DD600FEDF09 /* GoogleService-Info.plist in Resources */ = {isa = PBXBuildFile; fileRef = A34B4957217C7DD600FEDF09 /* GoogleService-Info.plist */; };
		A34B495A217D3E6600FEDF09 /* HandleMessagesExtended.swift in Sources */ = {isa = PBXBuildFile; fileRef = A34B4959217D3E6600FEDF09 /* HandleMessagesExtended.swift */; };
		A34B495D217D44F700FEDF09 /* UserDatabase.swift in Sources */ = {isa = PBXBuildFile; fileRef = A34B495C217D44F700FEDF09 /* UserDatabase.swift */; };
		A34B495F217D5BBA00FEDF09 /* LoginControllers+handlers.swift in Sources */ = {isa = PBXBuildFile; fileRef = A34B495E217D5BBA00FEDF09 /* LoginControllers+handlers.swift */; };
		A34B4963217DD60700FEDF09 /* Extensions.swift in Sources */ = {isa = PBXBuildFile; fileRef = A34B4962217DD60700FEDF09 /* Extensions.swift */; };
		A34B4965217DDDA400FEDF09 /* MessagesChatBox.swift in Sources */ = {isa = PBXBuildFile; fileRef = A34B4964217DDDA400FEDF09 /* MessagesChatBox.swift */; };
		A34B4967217DEC4000FEDF09 /* MessageDatabase.swift in Sources */ = {isa = PBXBuildFile; fileRef = A34B4966217DEC4000FEDF09 /* MessageDatabase.swift */; };
		A34B496A217E943600FEDF09 /* UsersCell.swift in Sources */ = {isa = PBXBuildFile; fileRef = A34B4969217E943600FEDF09 /* UsersCell.swift */; };
		A3515936217BEDFF00824E54 /* AppDelegate.swift in Sources */ = {isa = PBXBuildFile; fileRef = A3515935217BEDFF00824E54 /* AppDelegate.swift */; };
		A3515938217BEDFF00824E54 /* HandleMessages.swift in Sources */ = {isa = PBXBuildFile; fileRef = A3515937217BEDFF00824E54 /* HandleMessages.swift */; };
		A351593B217BEDFF00824E54 /* Main.storyboard in Resources */ = {isa = PBXBuildFile; fileRef = A3515939217BEDFF00824E54 /* Main.storyboard */; };
		A351593D217BEE0000824E54 /* Assets.xcassets in Resources */ = {isa = PBXBuildFile; fileRef = A351593C217BEE0000824E54 /* Assets.xcassets */; };
		A3515940217BEE0000824E54 /* LaunchScreen.storyboard in Resources */ = {isa = PBXBuildFile; fileRef = A351593E217BEE0000824E54 /* LaunchScreen.storyboard */; };
/* End PBXBuildFile section */

/* Begin PBXFileReference section */
		8066E1BD57687C6344F6783D /* Pods-livechat.debug.xcconfig */ = {isa = PBXFileReference; includeInIndex = 1; lastKnownFileType = text.xcconfig; name = "Pods-livechat.debug.xcconfig"; path = "Pods/Target Support Files/Pods-livechat/Pods-livechat.debug.xcconfig"; sourceTree = "<group>"; };
		A34B4953217C162400FEDF09 /* HandleLogin.swift */ = {isa = PBXFileReference; lastKnownFileType = sourcecode.swift; path = HandleLogin.swift; sourceTree = "<group>"; };
		A34B4955217C2D3200FEDF09 /* spartan@2x.png */ = {isa = PBXFileReference; lastKnownFileType = image.png; path = "spartan@2x.png"; sourceTree = "<group>"; };
		A34B4957217C7DD600FEDF09 /* GoogleService-Info.plist */ = {isa = PBXFileReference; fileEncoding = 4; lastKnownFileType = text.plist.xml; path = "GoogleService-Info.plist"; sourceTree = "<group>"; };
		A34B4959217D3E6600FEDF09 /* HandleMessagesExtended.swift */ = {isa = PBXFileReference; lastKnownFileType = sourcecode.swift; path = HandleMessagesExtended.swift; sourceTree = "<group>"; };
		A34B495C217D44F700FEDF09 /* UserDatabase.swift */ = {isa = PBXFileReference; lastKnownFileType = sourcecode.swift; path = UserDatabase.swift; sourceTree = "<group>"; };
		A34B495E217D5BBA00FEDF09 /* LoginControllers+handlers.swift */ = {isa = PBXFileReference; lastKnownFileType = sourcecode.swift; path = "LoginControllers+handlers.swift"; sourceTree = "<group>"; };
		A34B4962217DD60700FEDF09 /* Extensions.swift */ = {isa = PBXFileReference; lastKnownFileType = sourcecode.swift; path = Extensions.swift; sourceTree = "<group>"; };
		A34B4964217DDDA400FEDF09 /* MessagesChatBox.swift */ = {isa = PBXFileReference; lastKnownFileType = sourcecode.swift; path = MessagesChatBox.swift; sourceTree = "<group>"; };
		A34B4966217DEC4000FEDF09 /* MessageDatabase.swift */ = {isa = PBXFileReference; lastKnownFileType = sourcecode.swift; path = MessageDatabase.swift; sourceTree = "<group>"; };
		A34B4969217E943600FEDF09 /* UsersCell.swift */ = {isa = PBXFileReference; lastKnownFileType = sourcecode.swift; path = UsersCell.swift; sourceTree = "<group>"; };
		A3515932217BEDFF00824E54 /* livechat.app */ = {isa = PBXFileReference; explicitFileType = wrapper.application; includeInIndex = 0; path = livechat.app; sourceTree = BUILT_PRODUCTS_DIR; };
		A3515935217BEDFF00824E54 /* AppDelegate.swift */ = {isa = PBXFileReference; lastKnownFileType = sourcecode.swift; path = AppDelegate.swift; sourceTree = "<group>"; };
		A3515937217BEDFF00824E54 /* HandleMessages.swift */ = {isa = PBXFileReference; lastKnownFileType = sourcecode.swift; path = HandleMessages.swift; sourceTree = "<group>"; };
		A351593A217BEDFF00824E54 /* Base */ = {isa = PBXFileReference; lastKnownFileType = file.storyboard; name = Base; path = Base.lproj/Main.storyboard; sourceTree = "<group>"; };
		A351593C217BEE0000824E54 /* Assets.xcassets */ = {isa = PBXFileReference; lastKnownFileType = folder.assetcatalog; path = Assets.xcassets; sourceTree = "<group>"; };
		A351593F217BEE0000824E54 /* Base */ = {isa = PBXFileReference; lastKnownFileType = file.storyboard; name = Base; path = Base.lproj/LaunchScreen.storyboard; sourceTree = "<group>"; };
		A3515941217BEE0000824E54 /* Info.plist */ = {isa = PBXFileReference; lastKnownFileType = text.plist.xml; path = Info.plist; sourceTree = "<group>"; };
		CB3CF4A943FA7758E4F97350 /* Pods_livechat.framework */ = {isa = PBXFileReference; explicitFileType = wrapper.framework; includeInIndex = 0; path = Pods_livechat.framework; sourceTree = BUILT_PRODUCTS_DIR; };
		F3F6498483698AECBA079A46 /* Pods-livechat.release.xcconfig */ = {isa = PBXFileReference; includeInIndex = 1; lastKnownFileType = text.xcconfig; name = "Pods-livechat.release.xcconfig"; path = "Pods/Target Support Files/Pods-livechat/Pods-livechat.release.xcconfig"; sourceTree = "<group>"; };
/* End PBXFileReference section */

/* Begin PBXFrameworksBuildPhase section */
		A351592F217BEDFE00824E54 /* Frameworks */ = {
			isa = PBXFrameworksBuildPhase;
			buildActionMask = 2147483647;
			files = (
				6A2D0E7572C91E836D19ADBB /* Pods_livechat.framework in Frameworks */,
			);
			runOnlyForDeploymentPostprocessing = 0;
		};
/* End PBXFrameworksBuildPhase section */

/* Begin PBXGroup section */
		118C09E1DCABAA6E0E918825 /* Frameworks */ = {
			isa = PBXGroup;
			children = (
				CB3CF4A943FA7758E4F97350 /* Pods_livechat.framework */,
			);
			name = Frameworks;
			sourceTree = "<group>";
		};
		60CA9ADF782DBED9DA21C2E0 /* Pods */ = {
			isa = PBXGroup;
			children = (
				8066E1BD57687C6344F6783D /* Pods-livechat.debug.xcconfig */,
				F3F6498483698AECBA079A46 /* Pods-livechat.release.xcconfig */,
			);
			name = Pods;
			sourceTree = "<group>";
		};
		A34B4952217C158600FEDF09 /* Controller */ = {
			isa = PBXGroup;
			children = (
				A34B4953217C162400FEDF09 /* HandleLogin.swift */,
				A3515937217BEDFF00824E54 /* HandleMessages.swift */,
				A34B4959217D3E6600FEDF09 /* HandleMessagesExtended.swift */,
				A34B495E217D5BBA00FEDF09 /* LoginControllers+handlers.swift */,
				A34B4964217DDDA400FEDF09 /* MessagesChatBox.swift */,
			);
			path = Controller;
			sourceTree = "<group>";
		};
		A34B495B217D44C300FEDF09 /* Model */ = {
			isa = PBXGroup;
			children = (
				A34B495C217D44F700FEDF09 /* UserDatabase.swift */,
				A34B4966217DEC4000FEDF09 /* MessageDatabase.swift */,
			);
			path = Model;
			sourceTree = "<group>";
		};
		A34B4961217DD5E900FEDF09 /* Helpers */ = {
			isa = PBXGroup;
			children = (
				A34B4962217DD60700FEDF09 /* Extensions.swift */,
			);
			path = Helpers;
			sourceTree = "<group>";
		};
		A34B4968217E940A00FEDF09 /* View */ = {
			isa = PBXGroup;
			children = (
				A34B4969217E943600FEDF09 /* UsersCell.swift */,
			);
			path = View;
			sourceTree = "<group>";
		};
		A3515929217BEDFE00824E54 = {
			isa = PBXGroup;
			children = (
				A3515934217BEDFF00824E54 /* livechat */,
				A3515933217BEDFF00824E54 /* Products */,
				60CA9ADF782DBED9DA21C2E0 /* Pods */,
				118C09E1DCABAA6E0E918825 /* Frameworks */,
			);
			sourceTree = "<group>";
		};
		A3515933217BEDFF00824E54 /* Products */ = {
			isa = PBXGroup;
			children = (
				A3515932217BEDFF00824E54 /* livechat.app */,
			);
			name = Products;
			sourceTree = "<group>";
		};
		A3515934217BEDFF00824E54 /* livechat */ = {
			isa = PBXGroup;
			children = (
				A34B4968217E940A00FEDF09 /* View */,
				A34B4961217DD5E900FEDF09 /* Helpers */,
				A34B495B217D44C300FEDF09 /* Model */,
				A34B4952217C158600FEDF09 /* Controller */,
				A3515935217BEDFF00824E54 /* AppDelegate.swift */,
				A3515939217BEDFF00824E54 /* Main.storyboard */,
				A351593C217BEE0000824E54 /* Assets.xcassets */,
				A34B4955217C2D3200FEDF09 /* spartan@2x.png */,
				A351593E217BEE0000824E54 /* LaunchScreen.storyboard */,
				A3515941217BEE0000824E54 /* Info.plist */,
				A34B4957217C7DD600FEDF09 /* GoogleService-Info.plist */,
			);
			path = livechat;
			sourceTree = "<group>";
		};
/* End PBXGroup section */

/* Begin PBXNativeTarget section */
		A3515931217BEDFE00824E54 /* livechat */ = {
			isa = PBXNativeTarget;
			buildConfigurationList = A3515944217BEE0000824E54 /* Build configuration list for PBXNativeTarget "livechat" */;
			buildPhases = (
				003CBFEAA98836B448C82FBF /* [CP] Check Pods Manifest.lock */,
				A351592E217BEDFE00824E54 /* Sources */,
				A351592F217BEDFE00824E54 /* Frameworks */,
				A3515930217BEDFE00824E54 /* Resources */,
				C97CB783D53AB11DA12D55AF /* [CP] Embed Pods Frameworks */,
			);
			buildRules = (
			);
			dependencies = (
			);
			name = livechat;
			productName = livechat;
			productReference = A3515932217BEDFF00824E54 /* livechat.app */;
			productType = "com.apple.product-type.application";
		};
/* End PBXNativeTarget section */

/* Begin PBXProject section */
		A351592A217BEDFE00824E54 /* Project object */ = {
			isa = PBXProject;
			attributes = {
				LastSwiftUpdateCheck = 1000;
				LastUpgradeCheck = 1000;
				ORGANIZATIONNAME = "Vinh Vu";
				TargetAttributes = {
					A3515931217BEDFE00824E54 = {
						CreatedOnToolsVersion = 10.0;
					};
				};
			};
			buildConfigurationList = A351592D217BEDFE00824E54 /* Build configuration list for PBXProject "livechat" */;
			compatibilityVersion = "Xcode 9.3";
			developmentRegion = en;
			hasScannedForEncodings = 0;
			knownRegions = (
				en,
				Base,
			);
			mainGroup = A3515929217BEDFE00824E54;
			productRefGroup = A3515933217BEDFF00824E54 /* Products */;
			projectDirPath = "";
			projectRoot = "";
			targets = (
				A3515931217BEDFE00824E54 /* livechat */,
			);
		};
/* End PBXProject section */

/* Begin PBXResourcesBuildPhase section */
		A3515930217BEDFE00824E54 /* Resources */ = {
			isa = PBXResourcesBuildPhase;
			buildActionMask = 2147483647;
			files = (
				A34B4956217C2D3200FEDF09 /* spartan@2x.png in Resources */,
				A3515940217BEE0000824E54 /* LaunchScreen.storyboard in Resources */,
				A351593D217BEE0000824E54 /* Assets.xcassets in Resources */,
				A34B4958217C7DD600FEDF09 /* GoogleService-Info.plist in Resources */,
				A351593B217BEDFF00824E54 /* Main.storyboard in Resources */,
			);
			runOnlyForDeploymentPostprocessing = 0;
		};
/* End PBXResourcesBuildPhase section */

/* Begin PBXShellScriptBuildPhase section */
		003CBFEAA98836B448C82FBF /* [CP] Check Pods Manifest.lock */ = {
			isa = PBXShellScriptBuildPhase;
			buildActionMask = 2147483647;
			files = (
			);
			inputFileListPaths = (
			);
			inputPaths = (
				"${PODS_PODFILE_DIR_PATH}/Podfile.lock",
				"${PODS_ROOT}/Manifest.lock",
			);
			name = "[CP] Check Pods Manifest.lock";
			outputFileListPaths = (
			);
			outputPaths = (
				"$(DERIVED_FILE_DIR)/Pods-livechat-checkManifestLockResult.txt",
			);
			runOnlyForDeploymentPostprocessing = 0;
			shellPath = /bin/sh;
			shellScript = "diff \"${PODS_PODFILE_DIR_PATH}/Podfile.lock\" \"${PODS_ROOT}/Manifest.lock\" > /dev/null\nif [ $? != 0 ] ; then\n    # print error to STDERR\n    echo \"error: The sandbox is not in sync with the Podfile.lock. Run 'pod install' or update your CocoaPods installation.\" >&2\n    exit 1\nfi\n# This output is used by Xcode 'outputs' to avoid re-running this script phase.\necho \"SUCCESS\" > \"${SCRIPT_OUTPUT_FILE_0}\"\n";
			showEnvVarsInLog = 0;
		};
		C97CB783D53AB11DA12D55AF /* [CP] Embed Pods Frameworks */ = {
			isa = PBXShellScriptBuildPhase;
			buildActionMask = 2147483647;
			files = (
			);
			inputFileListPaths = (
			);
			inputPaths = (
				"${SRCROOT}/Pods/Target Support Files/Pods-livechat/Pods-livechat-frameworks.sh",
				"${BUILT_PRODUCTS_DIR}/GTMSessionFetcher/GTMSessionFetcher.framework",
				"${BUILT_PRODUCTS_DIR}/GoogleUtilities/GoogleUtilities.framework",
				"${BUILT_PRODUCTS_DIR}/leveldb-library/leveldb.framework",
				"${BUILT_PRODUCTS_DIR}/nanopb/nanopb.framework",
			);
			name = "[CP] Embed Pods Frameworks";
			outputFileListPaths = (
			);
			outputPaths = (
				"${TARGET_BUILD_DIR}/${FRAMEWORKS_FOLDER_PATH}/GTMSessionFetcher.framework",
				"${TARGET_BUILD_DIR}/${FRAMEWORKS_FOLDER_PATH}/GoogleUtilities.framework",
				"${TARGET_BUILD_DIR}/${FRAMEWORKS_FOLDER_PATH}/leveldb.framework",
				"${TARGET_BUILD_DIR}/${FRAMEWORKS_FOLDER_PATH}/nanopb.framework",
			);
			runOnlyForDeploymentPostprocessing = 0;
			shellPath = /bin/sh;
			shellScript = "\"${SRCROOT}/Pods/Target Support Files/Pods-livechat/Pods-livechat-frameworks.sh\"\n";
			showEnvVarsInLog = 0;
		};
/* End PBXShellScriptBuildPhase section */

/* Begin PBXSourcesBuildPhase section */
		A351592E217BEDFE00824E54 /* Sources */ = {
			isa = PBXSourcesBuildPhase;
			buildActionMask = 2147483647;
			files = (
				A34B4965217DDDA400FEDF09 /* MessagesChatBox.swift in Sources */,
				A34B495A217D3E6600FEDF09 /* HandleMessagesExtended.swift in Sources */,
				A3515938217BEDFF00824E54 /* HandleMessages.swift in Sources */,
				A34B4967217DEC4000FEDF09 /* MessageDatabase.swift in Sources */,
				A34B496A217E943600FEDF09 /* UsersCell.swift in Sources */,
				A34B495F217D5BBA00FEDF09 /* LoginControllers+handlers.swift in Sources */,
				A34B4954217C162400FEDF09 /* HandleLogin.swift in Sources */,
				A34B495D217D44F700FEDF09 /* UserDatabase.swift in Sources */,
				A3515936217BEDFF00824E54 /* AppDelegate.swift in Sources */,
				A34B4963217DD60700FEDF09 /* Extensions.swift in Sources */,
			);
			runOnlyForDeploymentPostprocessing = 0;
		};
/* End PBXSourcesBuildPhase section */

/* Begin PBXVariantGroup section */
		A3515939217BEDFF00824E54 /* Main.storyboard */ = {
			isa = PBXVariantGroup;
			children = (
				A351593A217BEDFF00824E54 /* Base */,
			);
			name = Main.storyboard;
			sourceTree = "<group>";
		};
		A351593E217BEE0000824E54 /* LaunchScreen.storyboard */ = {
			isa = PBXVariantGroup;
			children = (
				A351593F217BEE0000824E54 /* Base */,
			);
			name = LaunchScreen.storyboard;
			sourceTree = "<group>";
		};
/* End PBXVariantGroup section */

/* Begin XCBuildConfiguration section */
		A3515942217BEE0000824E54 /* Debug */ = {
			isa = XCBuildConfiguration;
			buildSettings = {
				ALWAYS_SEARCH_USER_PATHS = NO;
				CLANG_ANALYZER_NONNULL = YES;
				CLANG_ANALYZER_NUMBER_OBJECT_CONVERSION = YES_AGGRESSIVE;
				CLANG_CXX_LANGUAGE_STANDARD = "gnu++14";
				CLANG_CXX_LIBRARY = "libc++";
				CLANG_ENABLE_MODULES = YES;
				CLANG_ENABLE_OBJC_ARC = YES;
				CLANG_ENABLE_OBJC_WEAK = YES;
				CLANG_WARN_BLOCK_CAPTURE_AUTORELEASING = YES;
				CLANG_WARN_BOOL_CONVERSION = YES;
				CLANG_WARN_COMMA = YES;
				CLANG_WARN_CONSTANT_CONVERSION = YES;
				CLANG_WARN_DEPRECATED_OBJC_IMPLEMENTATIONS = YES;
				CLANG_WARN_DIRECT_OBJC_ISA_USAGE = YES_ERROR;
				CLANG_WARN_DOCUMENTATION_COMMENTS = YES;
				CLANG_WARN_EMPTY_BODY = YES;
				CLANG_WARN_ENUM_CONVERSION = YES;
				CLANG_WARN_INFINITE_RECURSION = YES;
				CLANG_WARN_INT_CONVERSION = YES;
				CLANG_WARN_NON_LITERAL_NULL_CONVERSION = YES;
				CLANG_WARN_OBJC_IMPLICIT_RETAIN_SELF = YES;
				CLANG_WARN_OBJC_LITERAL_CONVERSION = YES;
				CLANG_WARN_OBJC_ROOT_CLASS = YES_ERROR;
				CLANG_WARN_RANGE_LOOP_ANALYSIS = YES;
				CLANG_WARN_STRICT_PROTOTYPES = YES;
				CLANG_WARN_SUSPICIOUS_MOVE = YES;
				CLANG_WARN_UNGUARDED_AVAILABILITY = YES_AGGRESSIVE;
				CLANG_WARN_UNREACHABLE_CODE = YES;
				CLANG_WARN__DUPLICATE_METHOD_MATCH = YES;
				CODE_SIGN_IDENTITY = "iPhone Developer";
				COPY_PHASE_STRIP = NO;
				DEBUG_INFORMATION_FORMAT = dwarf;
				ENABLE_STRICT_OBJC_MSGSEND = YES;
				ENABLE_TESTABILITY = YES;
				GCC_C_LANGUAGE_STANDARD = gnu11;
				GCC_DYNAMIC_NO_PIC = NO;
				GCC_NO_COMMON_BLOCKS = YES;
				GCC_OPTIMIZATION_LEVEL = 0;
				GCC_PREPROCESSOR_DEFINITIONS = (
					"DEBUG=1",
					"$(inherited)",
				);
				GCC_WARN_64_TO_32_BIT_CONVERSION = YES;
				GCC_WARN_ABOUT_RETURN_TYPE = YES_ERROR;
				GCC_WARN_UNDECLARED_SELECTOR = YES;
				GCC_WARN_UNINITIALIZED_AUTOS = YES_AGGRESSIVE;
				GCC_WARN_UNUSED_FUNCTION = YES;
				GCC_WARN_UNUSED_VARIABLE = YES;
				IPHONEOS_DEPLOYMENT_TARGET = 12.0;
				MTL_ENABLE_DEBUG_INFO = INCLUDE_SOURCE;
				MTL_FAST_MATH = YES;
				ONLY_ACTIVE_ARCH = YES;
				SDKROOT = iphoneos;
				SWIFT_ACTIVE_COMPILATION_CONDITIONS = DEBUG;
				SWIFT_OPTIMIZATION_LEVEL = "-Onone";
			};
			name = Debug;
		};
		A3515943217BEE0000824E54 /* Release */ = {
			isa = XCBuildConfiguration;
			buildSettings = {
				ALWAYS_SEARCH_USER_PATHS = NO;
				CLANG_ANALYZER_NONNULL = YES;
				CLANG_ANALYZER_NUMBER_OBJECT_CONVERSION = YES_AGGRESSIVE;
				CLANG_CXX_LANGUAGE_STANDARD = "gnu++14";
				CLANG_CXX_LIBRARY = "libc++";
				CLANG_ENABLE_MODULES = YES;
				CLANG_ENABLE_OBJC_ARC = YES;
				CLANG_ENABLE_OBJC_WEAK = YES;
				CLANG_WARN_BLOCK_CAPTURE_AUTORELEASING = YES;
				CLANG_WARN_BOOL_CONVERSION = YES;
				CLANG_WARN_COMMA = YES;
				CLANG_WARN_CONSTANT_CONVERSION = YES;
				CLANG_WARN_DEPRECATED_OBJC_IMPLEMENTATIONS = YES;
				CLANG_WARN_DIRECT_OBJC_ISA_USAGE = YES_ERROR;
				CLANG_WARN_DOCUMENTATION_COMMENTS = YES;
				CLANG_WARN_EMPTY_BODY = YES;
				CLANG_WARN_ENUM_CONVERSION = YES;
				CLANG_WARN_INFINITE_RECURSION = YES;
				CLANG_WARN_INT_CONVERSION = YES;
				CLANG_WARN_NON_LITERAL_NULL_CONVERSION = YES;
				CLANG_WARN_OBJC_IMPLICIT_RETAIN_SELF = YES;
				CLANG_WARN_OBJC_LITERAL_CONVERSION = YES;
				CLANG_WARN_OBJC_ROOT_CLASS = YES_ERROR;
				CLANG_WARN_RANGE_LOOP_ANALYSIS = YES;
				CLANG_WARN_STRICT_PROTOTYPES = YES;
				CLANG_WARN_SUSPICIOUS_MOVE = YES;
				CLANG_WARN_UNGUARDED_AVAILABILITY = YES_AGGRESSIVE;
				CLANG_WARN_UNREACHABLE_CODE = YES;
				CLANG_WARN__DUPLICATE_METHOD_MATCH = YES;
				CODE_SIGN_IDENTITY = "iPhone Developer";
				COPY_PHASE_STRIP = NO;
				DEBUG_INFORMATION_FORMAT = "dwarf-with-dsym";
				ENABLE_NS_ASSERTIONS = NO;
				ENABLE_STRICT_OBJC_MSGSEND = YES;
				GCC_C_LANGUAGE_STANDARD = gnu11;
				GCC_NO_COMMON_BLOCKS = YES;
				GCC_WARN_64_TO_32_BIT_CONVERSION = YES;
				GCC_WARN_ABOUT_RETURN_TYPE = YES_ERROR;
				GCC_WARN_UNDECLARED_SELECTOR = YES;
				GCC_WARN_UNINITIALIZED_AUTOS = YES_AGGRESSIVE;
				GCC_WARN_UNUSED_FUNCTION = YES;
				GCC_WARN_UNUSED_VARIABLE = YES;
				IPHONEOS_DEPLOYMENT_TARGET = 12.0;
				MTL_ENABLE_DEBUG_INFO = NO;
				MTL_FAST_MATH = YES;
				SDKROOT = iphoneos;
				SWIFT_COMPILATION_MODE = wholemodule;
				SWIFT_OPTIMIZATION_LEVEL = "-O";
				VALIDATE_PRODUCT = YES;
			};
			name = Release;
		};
		A3515945217BEE0000824E54 /* Debug */ = {
			isa = XCBuildConfiguration;
			baseConfigurationReference = 8066E1BD57687C6344F6783D /* Pods-livechat.debug.xcconfig */;
			buildSettings = {
				ASSETCATALOG_COMPILER_APPICON_NAME = AppIcon;
				CODE_SIGN_STYLE = Automatic;
				DEVELOPMENT_TEAM = 8BHVL8GAX5;
				INFOPLIST_FILE = livechat/Info.plist;
				IPHONEOS_DEPLOYMENT_TARGET = 11.0;
				LD_RUNPATH_SEARCH_PATHS = (
					"$(inherited)",
					"@executable_path/Frameworks",
				);
				PRODUCT_BUNDLE_IDENTIFIER = com.VinhVu.livechat;
				PRODUCT_NAME = "$(TARGET_NAME)";
				SWIFT_VERSION = 4.2;
				TARGETED_DEVICE_FAMILY = "1,2";
			};
			name = Debug;
		};
		A3515946217BEE0000824E54 /* Release */ = {
			isa = XCBuildConfiguration;
			baseConfigurationReference = F3F6498483698AECBA079A46 /* Pods-livechat.release.xcconfig */;
			buildSettings = {
				ASSETCATALOG_COMPILER_APPICON_NAME = AppIcon;
				CODE_SIGN_STYLE = Automatic;
				DEVELOPMENT_TEAM = 8BHVL8GAX5;
				INFOPLIST_FILE = livechat/Info.plist;
				IPHONEOS_DEPLOYMENT_TARGET = 11.0;
				LD_RUNPATH_SEARCH_PATHS = (
					"$(inherited)",
					"@executable_path/Frameworks",
				);
				PRODUCT_BUNDLE_IDENTIFIER = com.VinhVu.livechat;
				PRODUCT_NAME = "$(TARGET_NAME)";
				SWIFT_VERSION = 4.2;
				TARGETED_DEVICE_FAMILY = "1,2";
			};
			name = Release;
		};
/* End XCBuildConfiguration section */

/* Begin XCConfigurationList section */
		A351592D217BEDFE00824E54 /* Build configuration list for PBXProject "livechat" */ = {
			isa = XCConfigurationList;
			buildConfigurations = (
				A3515942217BEE0000824E54 /* Debug */,
				A3515943217BEE0000824E54 /* Release */,
			);
			defaultConfigurationIsVisible = 0;
			defaultConfigurationName = Release;
		};
		A3515944217BEE0000824E54 /* Build configuration list for PBXNativeTarget "livechat" */ = {
			isa = XCConfigurationList;
			buildConfigurations = (
				A3515945217BEE0000824E54 /* Debug */,
				A3515946217BEE0000824E54 /* Release */,
			);
			defaultConfigurationIsVisible = 0;
			defaultConfigurationName = Release;
		};
/* End XCConfigurationList section */
	};
	rootObject = A351592A217BEDFE00824E54 /* Project object */;
}
